
Microsoft Visual Studio Solution File, Format Version 12.00
# Visual Studio 14
VisualStudioVersion = 14.0.25420.1
MinimumVisualStudioVersion = 10.0.40219.1
Project("{FAE04EC0-301F-11D3-BF4B-00C04F79EFBC}") = "bUtility", "bUtility\bUtility.csproj", "{F07AF388-76DC-423A-A434-33BD0B2086B1}"
EndProject
Project("{FAE04EC0-301F-11D3-BF4B-00C04F79EFBC}") = "bUtility.Email", "bUtility.Email\bUtility.Email.csproj", "{13B36324-34DA-48ED-AADC-5615BBE08DD0}"
EndProject
Project("{FAE04EC0-301F-11D3-BF4B-00C04F79EFBC}") = "bUtility.ServiceRegistry", "bUtility.ServiceRegistry\bUtility.ServiceRegistry.csproj", "{E145F49A-CEFF-4ABE-A4E2-59FFBCA8A9F7}"
EndProject
Project("{FAE04EC0-301F-11D3-BF4B-00C04F79EFBC}") = "bUtility.WebApi", "bUtility.WebApi\bUtility.WebApi.csproj", "{CBC420BF-7799-4970-B6F3-E350DCB8543F}"
EndProject
Project("{FAE04EC0-301F-11D3-BF4B-00C04F79EFBC}") = "bUtility.Dapper", "bUtility.Dapper\bUtility.Dapper.csproj", "{1261A0FF-C8D3-4225-A421-4641CB0FB130}"
EndProject
Project("{2150E333-8FDC-42A3-9474-1A3956D46DE8}") = "Solution Items", "Solution Items", "{87E30697-1A51-4B84-9039-81747F16E772}"
	ProjectSection(SolutionItems) = preProject
		README.md = README.md
	EndProjectSection
EndProject
Project("{2150E333-8FDC-42A3-9474-1A3956D46DE8}") = "docs", "docs", "{D62CE562-5F34-4062-BA55-C6E6388AAC14}"
	ProjectSection(SolutionItems) = preProject
		docs\butility.dapper.md = docs\butility.dapper.md
		docs\butility.sts.md = docs\butility.sts.md
		butility.WebApi.md = butility.WebApi.md
	EndProjectSection
EndProject
Project("{FAE04EC0-301F-11D3-BF4B-00C04F79EFBC}") = "bUtility.Sts", "bUtility.Sts\bUtility.Sts.csproj", "{93159ED4-1D44-40D2-A928-2CAB3E234974}"
EndProject
Project("{FAE04EC0-301F-11D3-BF4B-00C04F79EFBC}") = "bUtility.Sts.MvcClient", "bUtility.Sts.MvcClient\bUtility.Sts.MvcClient.csproj", "{CA8DD060-F005-4174-BE62-3E65A726632B}"
EndProject
Project("{FAE04EC0-301F-11D3-BF4B-00C04F79EFBC}") = "bUtility.Sts.CommandLine", "bUtility.Sts.CommandLine\bUtility.Sts.CommandLine.csproj", "{EE8E3739-4A01-49E3-92F7-7DD100E389F4}"
EndProject
Project("{FAE04EC0-301F-11D3-BF4B-00C04F79EFBC}") = "bUtility.LRT", "bUtility.LRT\bUtility.LRT.csproj", "{B5516872-5810-45A2-B3B3-6445ED75CB3D}"
EndProject
Project("{FAE04EC0-301F-11D3-BF4B-00C04F79EFBC}") = "bUtility.Sts.MvcServer", "bUtility.Sts.MvcServer\bUtility.Sts.MvcServer.csproj", "{29ADEC23-C6E2-4ADF-9FD8-6AC676AC0D2C}"
EndProject
Project("{FAE04EC0-301F-11D3-BF4B-00C04F79EFBC}") = "CardActivation", "CardActivation\CardActivation.csproj", "{AFB2E856-6DFC-4832-98E4-FD39894E7A96}"
EndProject
Project("{FAE04EC0-301F-11D3-BF4B-00C04F79EFBC}") = "bUtility.LRT.InMemoryStore", "bUtility.LRT.InMemoryStore\bUtility.LRT.InMemoryStore.csproj", "{FF69F50D-2A30-4C96-9BF9-1AC0DB3D7684}"
EndProject
Project("{FAE04EC0-301F-11D3-BF4B-00C04F79EFBC}") = "bUtility.Sts.ApiClient", "bUtility.Sts.ApiClient\bUtility.Sts.ApiClient.csproj", "{4837FA95-A4AE-442D-98F9-5A8896A75131}"
EndProject
Project("{FAE04EC0-301F-11D3-BF4B-00C04F79EFBC}") = "bUtility.Antiforgery", "bUtility.Antiforgery\bUtility.Antiforgery.csproj", "{12B7AE70-584C-4581-91A1-D522AE6A12EF}"
EndProject
Project("{FAE04EC0-301F-11D3-BF4B-00C04F79EFBC}") = "bUtility.Logging", "bUtility.Logging\bUtility.Logging.csproj", "{F1EB3EDC-9862-4879-845E-2836F52D694C}"
EndProject
Project("{FAE04EC0-301F-11D3-BF4B-00C04F79EFBC}") = "bUtility.Logging.Test", "bUtility.Logging.Test\bUtility.Logging.Test.csproj", "{736BA50E-DE63-47CA-9C40-63AA2292E42F}"
EndProject
Project("{FAE04EC0-301F-11D3-BF4B-00C04F79EFBC}") = "bUtility.Json", "bUtility.Json\bUtility.Json.csproj", "{A8621CFF-9E01-4552-BE3C-5D813C95DF0A}"
EndProject
Global
	GlobalSection(SolutionConfigurationPlatforms) = preSolution
		azure|Any CPU = azure|Any CPU
		Debug|Any CPU = Debug|Any CPU
		Release|Any CPU = Release|Any CPU
	EndGlobalSection
	GlobalSection(ProjectConfigurationPlatforms) = postSolution
		{F07AF388-76DC-423A-A434-33BD0B2086B1}.azure|Any CPU.ActiveCfg = Debug|Any CPU
		{F07AF388-76DC-423A-A434-33BD0B2086B1}.Debug|Any CPU.ActiveCfg = Debug|Any CPU
		{F07AF388-76DC-423A-A434-33BD0B2086B1}.Debug|Any CPU.Build.0 = Debug|Any CPU
		{F07AF388-76DC-423A-A434-33BD0B2086B1}.Release|Any CPU.ActiveCfg = Release|Any CPU
		{F07AF388-76DC-423A-A434-33BD0B2086B1}.Release|Any CPU.Build.0 = Release|Any CPU
		{13B36324-34DA-48ED-AADC-5615BBE08DD0}.azure|Any CPU.ActiveCfg = Debug|Any CPU
		{13B36324-34DA-48ED-AADC-5615BBE08DD0}.Debug|Any CPU.ActiveCfg = Debug|Any CPU
		{13B36324-34DA-48ED-AADC-5615BBE08DD0}.Debug|Any CPU.Build.0 = Debug|Any CPU
		{13B36324-34DA-48ED-AADC-5615BBE08DD0}.Release|Any CPU.ActiveCfg = Release|Any CPU
		{13B36324-34DA-48ED-AADC-5615BBE08DD0}.Release|Any CPU.Build.0 = Release|Any CPU
		{E145F49A-CEFF-4ABE-A4E2-59FFBCA8A9F7}.azure|Any CPU.ActiveCfg = Debug|Any CPU
		{E145F49A-CEFF-4ABE-A4E2-59FFBCA8A9F7}.Debug|Any CPU.ActiveCfg = Debug|Any CPU
		{E145F49A-CEFF-4ABE-A4E2-59FFBCA8A9F7}.Debug|Any CPU.Build.0 = Debug|Any CPU
		{E145F49A-CEFF-4ABE-A4E2-59FFBCA8A9F7}.Release|Any CPU.ActiveCfg = Release|Any CPU
		{E145F49A-CEFF-4ABE-A4E2-59FFBCA8A9F7}.Release|Any CPU.Build.0 = Release|Any CPU
		{CBC420BF-7799-4970-B6F3-E350DCB8543F}.azure|Any CPU.ActiveCfg = Debug|Any CPU
		{CBC420BF-7799-4970-B6F3-E350DCB8543F}.Debug|Any CPU.ActiveCfg = Debug|Any CPU
		{CBC420BF-7799-4970-B6F3-E350DCB8543F}.Debug|Any CPU.Build.0 = Debug|Any CPU
		{CBC420BF-7799-4970-B6F3-E350DCB8543F}.Release|Any CPU.ActiveCfg = Release|Any CPU
		{CBC420BF-7799-4970-B6F3-E350DCB8543F}.Release|Any CPU.Build.0 = Release|Any CPU
		{1261A0FF-C8D3-4225-A421-4641CB0FB130}.azure|Any CPU.ActiveCfg = Debug|Any CPU
		{1261A0FF-C8D3-4225-A421-4641CB0FB130}.Debug|Any CPU.ActiveCfg = Debug|Any CPU
		{1261A0FF-C8D3-4225-A421-4641CB0FB130}.Debug|Any CPU.Build.0 = Debug|Any CPU
		{1261A0FF-C8D3-4225-A421-4641CB0FB130}.Release|Any CPU.ActiveCfg = Release|Any CPU
		{1261A0FF-C8D3-4225-A421-4641CB0FB130}.Release|Any CPU.Build.0 = Release|Any CPU
		{93159ED4-1D44-40D2-A928-2CAB3E234974}.azure|Any CPU.ActiveCfg = Debug|Any CPU
		{93159ED4-1D44-40D2-A928-2CAB3E234974}.Debug|Any CPU.ActiveCfg = Debug|Any CPU
		{93159ED4-1D44-40D2-A928-2CAB3E234974}.Debug|Any CPU.Build.0 = Debug|Any CPU
		{93159ED4-1D44-40D2-A928-2CAB3E234974}.Release|Any CPU.ActiveCfg = Release|Any CPU
		{93159ED4-1D44-40D2-A928-2CAB3E234974}.Release|Any CPU.Build.0 = Release|Any CPU
		{CA8DD060-F005-4174-BE62-3E65A726632B}.azure|Any CPU.ActiveCfg = azure|Any CPU
		{CA8DD060-F005-4174-BE62-3E65A726632B}.azure|Any CPU.Build.0 = azure|Any CPU
		{CA8DD060-F005-4174-BE62-3E65A726632B}.Debug|Any CPU.ActiveCfg = Debug|Any CPU
		{CA8DD060-F005-4174-BE62-3E65A726632B}.Debug|Any CPU.Build.0 = Debug|Any CPU
		{CA8DD060-F005-4174-BE62-3E65A726632B}.Release|Any CPU.ActiveCfg = Release|Any CPU
		{CA8DD060-F005-4174-BE62-3E65A726632B}.Release|Any CPU.Build.0 = Release|Any CPU
		{EE8E3739-4A01-49E3-92F7-7DD100E389F4}.azure|Any CPU.ActiveCfg = Debug|Any CPU
		{EE8E3739-4A01-49E3-92F7-7DD100E389F4}.Debug|Any CPU.ActiveCfg = Debug|Any CPU
		{EE8E3739-4A01-49E3-92F7-7DD100E389F4}.Debug|Any CPU.Build.0 = Debug|Any CPU
		{EE8E3739-4A01-49E3-92F7-7DD100E389F4}.Release|Any CPU.ActiveCfg = Release|Any CPU
		{EE8E3739-4A01-49E3-92F7-7DD100E389F4}.Release|Any CPU.Build.0 = Release|Any CPU
		{B5516872-5810-45A2-B3B3-6445ED75CB3D}.azure|Any CPU.ActiveCfg = Debug|Any CPU
		{B5516872-5810-45A2-B3B3-6445ED75CB3D}.Debug|Any CPU.ActiveCfg = Debug|Any CPU
		{B5516872-5810-45A2-B3B3-6445ED75CB3D}.Debug|Any CPU.Build.0 = Debug|Any CPU
		{B5516872-5810-45A2-B3B3-6445ED75CB3D}.Release|Any CPU.ActiveCfg = Release|Any CPU
		{B5516872-5810-45A2-B3B3-6445ED75CB3D}.Release|Any CPU.Build.0 = Release|Any CPU
		{29ADEC23-C6E2-4ADF-9FD8-6AC676AC0D2C}.azure|Any CPU.ActiveCfg = azure|Any CPU
		{29ADEC23-C6E2-4ADF-9FD8-6AC676AC0D2C}.azure|Any CPU.Build.0 = azure|Any CPU
		{29ADEC23-C6E2-4ADF-9FD8-6AC676AC0D2C}.Debug|Any CPU.ActiveCfg = Debug|Any CPU
		{29ADEC23-C6E2-4ADF-9FD8-6AC676AC0D2C}.Debug|Any CPU.Build.0 = Debug|Any CPU
		{29ADEC23-C6E2-4ADF-9FD8-6AC676AC0D2C}.Release|Any CPU.ActiveCfg = Release|Any CPU
		{29ADEC23-C6E2-4ADF-9FD8-6AC676AC0D2C}.Release|Any CPU.Build.0 = Release|Any CPU
		{AFB2E856-6DFC-4832-98E4-FD39894E7A96}.azure|Any CPU.ActiveCfg = Release|Any CPU
		{AFB2E856-6DFC-4832-98E4-FD39894E7A96}.azure|Any CPU.Build.0 = Release|Any CPU
		{AFB2E856-6DFC-4832-98E4-FD39894E7A96}.Debug|Any CPU.ActiveCfg = Debug|Any CPU
		{AFB2E856-6DFC-4832-98E4-FD39894E7A96}.Debug|Any CPU.Build.0 = Debug|Any CPU
		{AFB2E856-6DFC-4832-98E4-FD39894E7A96}.Release|Any CPU.ActiveCfg = Release|Any CPU
		{AFB2E856-6DFC-4832-98E4-FD39894E7A96}.Release|Any CPU.Build.0 = Release|Any CPU
		{FF69F50D-2A30-4C96-9BF9-1AC0DB3D7684}.azure|Any CPU.ActiveCfg = Release|Any CPU
		{FF69F50D-2A30-4C96-9BF9-1AC0DB3D7684}.azure|Any CPU.Build.0 = Release|Any CPU
		{FF69F50D-2A30-4C96-9BF9-1AC0DB3D7684}.Debug|Any CPU.ActiveCfg = Debug|Any CPU
		{FF69F50D-2A30-4C96-9BF9-1AC0DB3D7684}.Debug|Any CPU.Build.0 = Debug|Any CPU
		{FF69F50D-2A30-4C96-9BF9-1AC0DB3D7684}.Release|Any CPU.ActiveCfg = Release|Any CPU
		{FF69F50D-2A30-4C96-9BF9-1AC0DB3D7684}.Release|Any CPU.Build.0 = Release|Any CPU
		{4837FA95-A4AE-442D-98F9-5A8896A75131}.azure|Any CPU.ActiveCfg = Release|Any CPU
		{4837FA95-A4AE-442D-98F9-5A8896A75131}.azure|Any CPU.Build.0 = Release|Any CPU
		{4837FA95-A4AE-442D-98F9-5A8896A75131}.Debug|Any CPU.ActiveCfg = Debug|Any CPU
		{4837FA95-A4AE-442D-98F9-5A8896A75131}.Debug|Any CPU.Build.0 = Debug|Any CPU
		{4837FA95-A4AE-442D-98F9-5A8896A75131}.Release|Any CPU.ActiveCfg = Release|Any CPU
		{4837FA95-A4AE-442D-98F9-5A8896A75131}.Release|Any CPU.Build.0 = Release|Any CPU
		{12B7AE70-584C-4581-91A1-D522AE6A12EF}.azure|Any CPU.ActiveCfg = Release|Any CPU
		{12B7AE70-584C-4581-91A1-D522AE6A12EF}.azure|Any CPU.Build.0 = Release|Any CPU
		{12B7AE70-584C-4581-91A1-D522AE6A12EF}.Debug|Any CPU.ActiveCfg = Debug|Any CPU
		{12B7AE70-584C-4581-91A1-D522AE6A12EF}.Debug|Any CPU.Build.0 = Debug|Any CPU
		{12B7AE70-584C-4581-91A1-D522AE6A12EF}.Release|Any CPU.ActiveCfg = Release|Any CPU
		{12B7AE70-584C-4581-91A1-D522AE6A12EF}.Release|Any CPU.Build.0 = Release|Any CPU
		{F1EB3EDC-9862-4879-845E-2836F52D694C}.azure|Any CPU.ActiveCfg = Release|Any CPU
		{F1EB3EDC-9862-4879-845E-2836F52D694C}.azure|Any CPU.Build.0 = Release|Any CPU
		{F1EB3EDC-9862-4879-845E-2836F52D694C}.Debug|Any CPU.ActiveCfg = Debug|Any CPU
		{F1EB3EDC-9862-4879-845E-2836F52D694C}.Debug|Any CPU.Build.0 = Debug|Any CPU
		{F1EB3EDC-9862-4879-845E-2836F52D694C}.Release|Any CPU.ActiveCfg = Release|Any CPU
		{F1EB3EDC-9862-4879-845E-2836F52D694C}.Release|Any CPU.Build.0 = Release|Any CPU
		{736BA50E-DE63-47CA-9C40-63AA2292E42F}.azure|Any CPU.ActiveCfg = Release|Any CPU
		{736BA50E-DE63-47CA-9C40-63AA2292E42F}.azure|Any CPU.Build.0 = Release|Any CPU
		{736BA50E-DE63-47CA-9C40-63AA2292E42F}.Debug|Any CPU.ActiveCfg = Debug|Any CPU
		{736BA50E-DE63-47CA-9C40-63AA2292E42F}.Debug|Any CPU.Build.0 = Debug|Any CPU
		{736BA50E-DE63-47CA-9C40-63AA2292E42F}.Release|Any CPU.ActiveCfg = Release|Any CPU
		{736BA50E-DE63-47CA-9C40-63AA2292E42F}.Release|Any CPU.Build.0 = Release|Any CPU
		{A8621CFF-9E01-4552-BE3C-5D813C95DF0A}.azure|Any CPU.ActiveCfg = Release|Any CPU
		{A8621CFF-9E01-4552-BE3C-5D813C95DF0A}.azure|Any CPU.Build.0 = Release|Any CPU
		{A8621CFF-9E01-4552-BE3C-5D813C95DF0A}.Debug|Any CPU.ActiveCfg = Debug|Any CPU
		{A8621CFF-9E01-4552-BE3C-5D813C95DF0A}.Debug|Any CPU.Build.0 = Debug|Any CPU
		{A8621CFF-9E01-4552-BE3C-5D813C95DF0A}.Release|Any CPU.ActiveCfg = Release|Any CPU
		{A8621CFF-9E01-4552-BE3C-5D813C95DF0A}.Release|Any CPU.Build.0 = Release|Any CPU
	EndGlobalSection
	GlobalSection(SolutionProperties) = preSolution
		HideSolutionNode = FALSE
	EndGlobalSection
EndGlobal
