
Microsoft Visual Studio Solution File, Format Version 12.00
# Visual Studio 14
VisualStudioVersion = 14.0.24720.0
MinimumVisualStudioVersion = 10.0.40219.1
Project("{FAE04EC0-301F-11D3-BF4B-00C04F79EFBC}") = "bUtility", "bUtility\bUtility.csproj", "{F07AF388-76DC-423A-A434-33BD0B2086B1}"
EndProject
Project("{FAE04EC0-301F-11D3-BF4B-00C04F79EFBC}") = "bUtility.Email", "bUtility.Email\bUtility.Email.csproj", "{13B36324-34DA-48ED-AADC-5615BBE08DD0}"
EndProject
Project("{FAE04EC0-301F-11D3-BF4B-00C04F79EFBC}") = "bUtility.ServiceRegistry", "bUtility.ServiceRegistry\bUtility.ServiceRegistry.csproj", "{E145F49A-CEFF-4ABE-A4E2-59FFBCA8A9F7}"
EndProject
Project("{FAE04EC0-301F-11D3-BF4B-00C04F79EFBC}") = "bUtility.WebApi", "bUtility.WebApi\bUtility.WebApi.csproj", "{CBC420BF-7799-4970-B6F3-E350DCB8543F}"
EndProject
Global
	GlobalSection(SolutionConfigurationPlatforms) = preSolution
		Debug|Any CPU = Debug|Any CPU
		Release|Any CPU = Release|Any CPU
	EndGlobalSection
	GlobalSection(ProjectConfigurationPlatforms) = postSolution
		{F07AF388-76DC-423A-A434-33BD0B2086B1}.Debug|Any CPU.ActiveCfg = Debug|Any CPU
		{F07AF388-76DC-423A-A434-33BD0B2086B1}.Debug|Any CPU.Build.0 = Debug|Any CPU
		{F07AF388-76DC-423A-A434-33BD0B2086B1}.Release|Any CPU.ActiveCfg = Release|Any CPU
		{F07AF388-76DC-423A-A434-33BD0B2086B1}.Release|Any CPU.Build.0 = Release|Any CPU
		{13B36324-34DA-48ED-AADC-5615BBE08DD0}.Debug|Any CPU.ActiveCfg = Debug|Any CPU
		{13B36324-34DA-48ED-AADC-5615BBE08DD0}.Debug|Any CPU.Build.0 = Debug|Any CPU
		{13B36324-34DA-48ED-AADC-5615BBE08DD0}.Release|Any CPU.ActiveCfg = Release|Any CPU
		{13B36324-34DA-48ED-AADC-5615BBE08DD0}.Release|Any CPU.Build.0 = Release|Any CPU
		{E145F49A-CEFF-4ABE-A4E2-59FFBCA8A9F7}.Debug|Any CPU.ActiveCfg = Debug|Any CPU
		{E145F49A-CEFF-4ABE-A4E2-59FFBCA8A9F7}.Debug|Any CPU.Build.0 = Debug|Any CPU
		{E145F49A-CEFF-4ABE-A4E2-59FFBCA8A9F7}.Release|Any CPU.ActiveCfg = Release|Any CPU
		{E145F49A-CEFF-4ABE-A4E2-59FFBCA8A9F7}.Release|Any CPU.Build.0 = Release|Any CPU
		{CBC420BF-7799-4970-B6F3-E350DCB8543F}.Debug|Any CPU.ActiveCfg = Debug|Any CPU
		{CBC420BF-7799-4970-B6F3-E350DCB8543F}.Debug|Any CPU.Build.0 = Debug|Any CPU
		{CBC420BF-7799-4970-B6F3-E350DCB8543F}.Release|Any CPU.ActiveCfg = Release|Any CPU
		{CBC420BF-7799-4970-B6F3-E350DCB8543F}.Release|Any CPU.Build.0 = Release|Any CPU
	EndGlobalSection
	GlobalSection(SolutionProperties) = preSolution
		HideSolutionNode = FALSE
	EndGlobalSection
EndGlobal
