
Microsoft Visual Studio Solution File, Format Version 12.00
# Visual Studio 14
VisualStudioVersion = 14.0.25123.0
MinimumVisualStudioVersion = 10.0.40219.1
Project("{FAE04EC0-301F-11D3-BF4B-00C04F79EFBC}") = "bUtility", "bUtility\bUtility.csproj", "{F07AF388-76DC-423A-A434-33BD0B2086B1}"
EndProject
Project("{FAE04EC0-301F-11D3-BF4B-00C04F79EFBC}") = "bUtility.Dapper", "bUtility.Dapper\bUtility.Dapper.csproj", "{1261A0FF-C8D3-4225-A421-4641CB0FB130}"
EndProject
Project("{2150E333-8FDC-42A3-9474-1A3956D46DE8}") = "Solution Items", "Solution Items", "{87E30697-1A51-4B84-9039-81747F16E772}"
	ProjectSection(SolutionItems) = preProject
		README.md = README.md
	EndProjectSection
EndProject
Project("{2150E333-8FDC-42A3-9474-1A3956D46DE8}") = "docs", "docs", "{D62CE562-5F34-4062-BA55-C6E6388AAC14}"
	ProjectSection(SolutionItems) = preProject
		docs\butility.dapper.md = docs\butility.dapper.md
		docs\butility.sts.md = docs\butility.sts.md
		butility.WebApi.md = butility.WebApi.md
	EndProjectSection
EndProject
Project("{FAE04EC0-301F-11D3-BF4B-00C04F79EFBC}") = "bUtility.LRT", "bUtility.LRT\bUtility.LRT.csproj", "{B5516872-5810-45A2-B3B3-6445ED75CB3D}"
EndProject
Project("{FAE04EC0-301F-11D3-BF4B-00C04F79EFBC}") = "CardActivation", "CardActivation\CardActivation.csproj", "{AFB2E856-6DFC-4832-98E4-FD39894E7A96}"
EndProject
Project("{FAE04EC0-301F-11D3-BF4B-00C04F79EFBC}") = "bUtility.LRT.InMemoryStore", "bUtility.LRT.InMemoryStore\bUtility.LRT.InMemoryStore.csproj", "{FF69F50D-2A30-4C96-9BF9-1AC0DB3D7684}"
EndProject
Global
	GlobalSection(SolutionConfigurationPlatforms) = preSolution
		azure|Any CPU = azure|Any CPU
		Debug|Any CPU = Debug|Any CPU
		Release|Any CPU = Release|Any CPU
	EndGlobalSection
	GlobalSection(ProjectConfigurationPlatforms) = postSolution
		{F07AF388-76DC-423A-A434-33BD0B2086B1}.azure|Any CPU.ActiveCfg = Debug|Any CPU
		{F07AF388-76DC-423A-A434-33BD0B2086B1}.Debug|Any CPU.ActiveCfg = Debug|Any CPU
		{F07AF388-76DC-423A-A434-33BD0B2086B1}.Debug|Any CPU.Build.0 = Debug|Any CPU
		{F07AF388-76DC-423A-A434-33BD0B2086B1}.Release|Any CPU.ActiveCfg = Release|Any CPU
		{F07AF388-76DC-423A-A434-33BD0B2086B1}.Release|Any CPU.Build.0 = Release|Any CPU
		{1261A0FF-C8D3-4225-A421-4641CB0FB130}.azure|Any CPU.ActiveCfg = Debug|Any CPU
		{1261A0FF-C8D3-4225-A421-4641CB0FB130}.Debug|Any CPU.ActiveCfg = Debug|Any CPU
		{1261A0FF-C8D3-4225-A421-4641CB0FB130}.Debug|Any CPU.Build.0 = Debug|Any CPU
		{1261A0FF-C8D3-4225-A421-4641CB0FB130}.Release|Any CPU.ActiveCfg = Release|Any CPU
		{1261A0FF-C8D3-4225-A421-4641CB0FB130}.Release|Any CPU.Build.0 = Release|Any CPU
		{B5516872-5810-45A2-B3B3-6445ED75CB3D}.azure|Any CPU.ActiveCfg = Debug|Any CPU
		{B5516872-5810-45A2-B3B3-6445ED75CB3D}.Debug|Any CPU.ActiveCfg = Debug|Any CPU
		{B5516872-5810-45A2-B3B3-6445ED75CB3D}.Debug|Any CPU.Build.0 = Debug|Any CPU
		{B5516872-5810-45A2-B3B3-6445ED75CB3D}.Release|Any CPU.ActiveCfg = Release|Any CPU
		{B5516872-5810-45A2-B3B3-6445ED75CB3D}.Release|Any CPU.Build.0 = Release|Any CPU
		{AFB2E856-6DFC-4832-98E4-FD39894E7A96}.azure|Any CPU.ActiveCfg = Release|Any CPU
		{AFB2E856-6DFC-4832-98E4-FD39894E7A96}.azure|Any CPU.Build.0 = Release|Any CPU
		{AFB2E856-6DFC-4832-98E4-FD39894E7A96}.Debug|Any CPU.ActiveCfg = Debug|Any CPU
		{AFB2E856-6DFC-4832-98E4-FD39894E7A96}.Debug|Any CPU.Build.0 = Debug|Any CPU
		{AFB2E856-6DFC-4832-98E4-FD39894E7A96}.Release|Any CPU.ActiveCfg = Release|Any CPU
		{AFB2E856-6DFC-4832-98E4-FD39894E7A96}.Release|Any CPU.Build.0 = Release|Any CPU
		{FF69F50D-2A30-4C96-9BF9-1AC0DB3D7684}.azure|Any CPU.ActiveCfg = Release|Any CPU
		{FF69F50D-2A30-4C96-9BF9-1AC0DB3D7684}.azure|Any CPU.Build.0 = Release|Any CPU
		{FF69F50D-2A30-4C96-9BF9-1AC0DB3D7684}.Debug|Any CPU.ActiveCfg = Debug|Any CPU
		{FF69F50D-2A30-4C96-9BF9-1AC0DB3D7684}.Debug|Any CPU.Build.0 = Debug|Any CPU
		{FF69F50D-2A30-4C96-9BF9-1AC0DB3D7684}.Release|Any CPU.ActiveCfg = Release|Any CPU
		{FF69F50D-2A30-4C96-9BF9-1AC0DB3D7684}.Release|Any CPU.Build.0 = Release|Any CPU
	EndGlobalSection
	GlobalSection(SolutionProperties) = preSolution
		HideSolutionNode = FALSE
	EndGlobalSection
EndGlobal
